
Microsoft Visual Studio Solution File, Format Version 12.00
# Visual Studio Version 17
VisualStudioVersion = 17.0.31903.59
MinimumVisualStudioVersion = 10.0.40219.1
Project("{2150E333-8FDC-42A3-9474-1A3956D46DE8}") = "shared", "shared", "{4F52FD11-658E-A102-6CD3-7D7C16FFA15B}"
EndProject
Project("{FAE04EC0-301F-11D3-BF4B-00C04F79EFBC}") = "PedidoRapido.Contracts", "shared\PedidoRapido.Contracts\PedidoRapido.Contracts.csproj", "{7C62B11B-79C0-4F08-9F81-2769532A1932}"
EndProject
Project("{2150E333-8FDC-42A3-9474-1A3956D46DE8}") = "src", "src", "{827E0CD3-B72D-47B6-A68D-7590B98EB39B}"
EndProject
Project("{FAE04EC0-301F-11D3-BF4B-00C04F79EFBC}") = "OrderService", "src\OrderService\OrderService.csproj", "{3D7BCC14-FD9A-4F22-ADBE-D0D9D2FDC5DA}"
EndProject
Project("{FAE04EC0-301F-11D3-BF4B-00C04F79EFBC}") = "NotificationService", "src\NotificationService\NotificationService.csproj", "{A1E4A7E5-C2AD-488F-8AC2-2D31D8451C4B}"
EndProject
Global
	GlobalSection(SolutionConfigurationPlatforms) = preSolution
		Debug|Any CPU = Debug|Any CPU
		Debug|x64 = Debug|x64
		Debug|x86 = Debug|x86
		Release|Any CPU = Release|Any CPU
		Release|x64 = Release|x64
		Release|x86 = Release|x86
	EndGlobalSection
	GlobalSection(ProjectConfigurationPlatforms) = postSolution
		{7C62B11B-79C0-4F08-9F81-2769532A1932}.Debug|Any CPU.ActiveCfg = Debug|Any CPU
		{7C62B11B-79C0-4F08-9F81-2769532A1932}.Debug|Any CPU.Build.0 = Debug|Any CPU
		{7C62B11B-79C0-4F08-9F81-2769532A1932}.Debug|x64.ActiveCfg = Debug|Any CPU
		{7C62B11B-79C0-4F08-9F81-2769532A1932}.Debug|x64.Build.0 = Debug|Any CPU
		{7C62B11B-79C0-4F08-9F81-2769532A1932}.Debug|x86.ActiveCfg = Debug|Any CPU
		{7C62B11B-79C0-4F08-9F81-2769532A1932}.Debug|x86.Build.0 = Debug|Any CPU
		{7C62B11B-79C0-4F08-9F81-2769532A1932}.Release|Any CPU.ActiveCfg = Release|Any CPU
		{7C62B11B-79C0-4F08-9F81-2769532A1932}.Release|Any CPU.Build.0 = Release|Any CPU
		{7C62B11B-79C0-4F08-9F81-2769532A1932}.Release|x64.ActiveCfg = Release|Any CPU
		{7C62B11B-79C0-4F08-9F81-2769532A1932}.Release|x64.Build.0 = Release|Any CPU
		{7C62B11B-79C0-4F08-9F81-2769532A1932}.Release|x86.ActiveCfg = Release|Any CPU
		{7C62B11B-79C0-4F08-9F81-2769532A1932}.Release|x86.Build.0 = Release|Any CPU
		{3D7BCC14-FD9A-4F22-ADBE-D0D9D2FDC5DA}.Debug|Any CPU.ActiveCfg = Debug|Any CPU
		{3D7BCC14-FD9A-4F22-ADBE-D0D9D2FDC5DA}.Debug|Any CPU.Build.0 = Debug|Any CPU
		{3D7BCC14-FD9A-4F22-ADBE-D0D9D2FDC5DA}.Debug|x64.ActiveCfg = Debug|Any CPU
		{3D7BCC14-FD9A-4F22-ADBE-D0D9D2FDC5DA}.Debug|x64.Build.0 = Debug|Any CPU
		{3D7BCC14-FD9A-4F22-ADBE-D0D9D2FDC5DA}.Debug|x86.ActiveCfg = Debug|Any CPU
		{3D7BCC14-FD9A-4F22-ADBE-D0D9D2FDC5DA}.Debug|x86.Build.0 = Debug|Any CPU
		{3D7BCC14-FD9A-4F22-ADBE-D0D9D2FDC5DA}.Release|Any CPU.ActiveCfg = Release|Any CPU
		{3D7BCC14-FD9A-4F22-ADBE-D0D9D2FDC5DA}.Release|Any CPU.Build.0 = Release|Any CPU
		{3D7BCC14-FD9A-4F22-ADBE-D0D9D2FDC5DA}.Release|x64.ActiveCfg = Release|Any CPU
		{3D7BCC14-FD9A-4F22-ADBE-D0D9D2FDC5DA}.Release|x64.Build.0 = Release|Any CPU
		{3D7BCC14-FD9A-4F22-ADBE-D0D9D2FDC5DA}.Release|x86.ActiveCfg = Release|Any CPU
		{3D7BCC14-FD9A-4F22-ADBE-D0D9D2FDC5DA}.Release|x86.Build.0 = Release|Any CPU
		{A1E4A7E5-C2AD-488F-8AC2-2D31D8451C4B}.Debug|Any CPU.ActiveCfg = Debug|Any CPU
		{A1E4A7E5-C2AD-488F-8AC2-2D31D8451C4B}.Debug|Any CPU.Build.0 = Debug|Any CPU
		{A1E4A7E5-C2AD-488F-8AC2-2D31D8451C4B}.Debug|x64.ActiveCfg = Debug|Any CPU
		{A1E4A7E5-C2AD-488F-8AC2-2D31D8451C4B}.Debug|x64.Build.0 = Debug|Any CPU
		{A1E4A7E5-C2AD-488F-8AC2-2D31D8451C4B}.Debug|x86.ActiveCfg = Debug|Any CPU
		{A1E4A7E5-C2AD-488F-8AC2-2D31D8451C4B}.Debug|x86.Build.0 = Debug|Any CPU
		{A1E4A7E5-C2AD-488F-8AC2-2D31D8451C4B}.Release|Any CPU.ActiveCfg = Release|Any CPU
		{A1E4A7E5-C2AD-488F-8AC2-2D31D8451C4B}.Release|Any CPU.Build.0 = Release|Any CPU
		{A1E4A7E5-C2AD-488F-8AC2-2D31D8451C4B}.Release|x64.ActiveCfg = Release|Any CPU
		{A1E4A7E5-C2AD-488F-8AC2-2D31D8451C4B}.Release|x64.Build.0 = Release|Any CPU
		{A1E4A7E5-C2AD-488F-8AC2-2D31D8451C4B}.Release|x86.ActiveCfg = Release|Any CPU
		{A1E4A7E5-C2AD-488F-8AC2-2D31D8451C4B}.Release|x86.Build.0 = Release|Any CPU
	EndGlobalSection
	GlobalSection(SolutionProperties) = preSolution
		HideSolutionNode = FALSE
	EndGlobalSection
	GlobalSection(NestedProjects) = preSolution
		{7C62B11B-79C0-4F08-9F81-2769532A1932} = {4F52FD11-658E-A102-6CD3-7D7C16FFA15B}
		{3D7BCC14-FD9A-4F22-ADBE-D0D9D2FDC5DA} = {827E0CD3-B72D-47B6-A68D-7590B98EB39B}
		{A1E4A7E5-C2AD-488F-8AC2-2D31D8451C4B} = {827E0CD3-B72D-47B6-A68D-7590B98EB39B}
	EndGlobalSection
EndGlobal
